// !$*UTF8*$!
{
	archiveVersion = 1;
	classes = {
	};
	objectVersion = 77;
	objects = {

/* Begin PBXContainerItemProxy section */
		AC2151212ED5E25100A83092 /* PBXContainerItemProxy */ = {
			isa = PBXContainerItemProxy;
			containerPortal = AC21510B2ED5E24F00A83092 /* Project object */;
			proxyType = 1;
			remoteGlobalIDString = AC2151122ED5E24F00A83092;
			remoteInfo = ZenTV;
		};
		AC21512B2ED5E25100A83092 /* PBXContainerItemProxy */ = {
			isa = PBXContainerItemProxy;
			containerPortal = AC21510B2ED5E24F00A83092 /* Project object */;
			proxyType = 1;
			remoteGlobalIDString = AC2151122ED5E24F00A83092;
			remoteInfo = ZenTV;
		};
/* End PBXContainerItemProxy section */

/* Begin PBXFileReference section */
		AC2151132ED5E24F00A83092 /* ZenTV.app */ = {isa = PBXFileReference; explicitFileType = wrapper.application; includeInIndex = 0; path = ZenTV.app; sourceTree = BUILT_PRODUCTS_DIR; };
		AC2151202ED5E25100A83092 /* ZenTVTests.xctest */ = {isa = PBXFileReference; explicitFileType = wrapper.cfbundle; includeInIndex = 0; path = ZenTVTests.xctest; sourceTree = BUILT_PRODUCTS_DIR; };
		AC21512A2ED5E25100A83092 /* ZenTVUITests.xctest */ = {isa = PBXFileReference; explicitFileType = wrapper.cfbundle; includeInIndex = 0; path = ZenTVUITests.xctest; sourceTree = BUILT_PRODUCTS_DIR; };
/* End PBXFileReference section */

/* Begin PBXFileSystemSynchronizedBuildFileExceptionSet section */
		AC2151452ED5E42B00A83092 /* Exceptions for "ZenTVTests" folder in "ZenTVTests" target */ = {
			isa = PBXFileSystemSynchronizedBuildFileExceptionSet;
			membershipExceptions = (
				ZenTVUITests/ZenTVUITests.swift,
				ZenTVUITests/ZenTVUITestsLaunchTests.swift,
			);
			target = AC21511F2ED5E25100A83092 /* ZenTVTests */;
		};
		AC2151462ED5E42B00A83092 /* Exceptions for "ZenTVTests" folder in "ZenTVUITests" target */ = {
			isa = PBXFileSystemSynchronizedBuildFileExceptionSet;
			membershipExceptions = (
				ZenTVUITests/ZenTVUITests.swift,
				ZenTVUITests/ZenTVUITestsLaunchTests.swift,
			);
			target = AC2151292ED5E25100A83092 /* ZenTVUITests */;
		};
/* End PBXFileSystemSynchronizedBuildFileExceptionSet section */

/* Begin PBXFileSystemSynchronizedRootGroup section */
		AC2151152ED5E24F00A83092 /* ZenTV */ = {
			isa = PBXFileSystemSynchronizedRootGroup;
			path = ZenTV;
			sourceTree = "<group>";
		};
		AC2151232ED5E25100A83092 /* ZenTVTests */ = {
			isa = PBXFileSystemSynchronizedRootGroup;
			exceptions = (
				AC2151452ED5E42B00A83092 /* Exceptions for "ZenTVTests" folder in "ZenTVTests" target */,
				AC2151462ED5E42B00A83092 /* Exceptions for "ZenTVTests" folder in "ZenTVUITests" target */,
			);
			path = ZenTVTests;
			sourceTree = "<group>";
		};
/* End PBXFileSystemSynchronizedRootGroup section */

/* Begin PBXFrameworksBuildPhase section */
		AC2151102ED5E24F00A83092 /* Frameworks */ = {
			isa = PBXFrameworksBuildPhase;
			buildActionMask = 2147483647;
			files = (
			);
			runOnlyForDeploymentPostprocessing = 0;
		};
		AC21511D2ED5E25100A83092 /* Frameworks */ = {
			isa = PBXFrameworksBuildPhase;
			buildActionMask = 2147483647;
			files = (
			);
			runOnlyForDeploymentPostprocessing = 0;
		};
		AC2151272ED5E25100A83092 /* Frameworks */ = {
			isa = PBXFrameworksBuildPhase;
			buildActionMask = 2147483647;
			files = (
			);
			runOnlyForDeploymentPostprocessing = 0;
		};
/* End PBXFrameworksBuildPhase section */

/* Begin PBXGroup section */
		AC21510A2ED5E24F00A83092 = {
			isa = PBXGroup;
			children = (
				AC2151152ED5E24F00A83092 /* ZenTV */,
				AC2151232ED5E25100A83092 /* ZenTVTests */,
				AC2151142ED5E24F00A83092 /* Products */,
			);
			sourceTree = "<group>";
		};
		AC2151142ED5E24F00A83092 /* Products */ = {
			isa = PBXGroup;
			children = (
				AC2151132ED5E24F00A83092 /* ZenTV.app */,
				AC2151202ED5E25100A83092 /* ZenTVTests.xctest */,
				AC21512A2ED5E25100A83092 /* ZenTVUITests.xctest */,
			);
			name = Products;
			sourceTree = "<group>";
		};
/* End PBXGroup section */

/* Begin PBXNativeTarget section */
		AC2151122ED5E24F00A83092 /* ZenTV */ = {
			isa = PBXNativeTarget;
			buildConfigurationList = AC2151342ED5E25100A83092 /* Build configuration list for PBXNativeTarget "ZenTV" */;
			buildPhases = (
				AC21510F2ED5E24F00A83092 /* Sources */,
				AC2151102ED5E24F00A83092 /* Frameworks */,
				AC2151112ED5E24F00A83092 /* Resources */,
			);
			buildRules = (
			);
			dependencies = (
			);
			fileSystemSynchronizedGroups = (
				AC2151152ED5E24F00A83092 /* ZenTV */,
			);
			name = ZenTV;
			packageProductDependencies = (
			);
			productName = ZenTV;
			productReference = AC2151132ED5E24F00A83092 /* ZenTV.app */;
			productType = "com.apple.product-type.application";
		};
		AC21511F2ED5E25100A83092 /* ZenTVTests */ = {
			isa = PBXNativeTarget;
			buildConfigurationList = AC2151372ED5E25100A83092 /* Build configuration list for PBXNativeTarget "ZenTVTests" */;
			buildPhases = (
				AC21511C2ED5E25100A83092 /* Sources */,
				AC21511D2ED5E25100A83092 /* Frameworks */,
				AC21511E2ED5E25100A83092 /* Resources */,
			);
			buildRules = (
			);
			dependencies = (
				AC2151222ED5E25100A83092 /* PBXTargetDependency */,
			);
			fileSystemSynchronizedGroups = (
				AC2151232ED5E25100A83092 /* ZenTVTests */,
			);
			name = ZenTVTests;
			packageProductDependencies = (
			);
			productName = ZenTVTests;
			productReference = AC2151202ED5E25100A83092 /* ZenTVTests.xctest */;
			productType = "com.apple.product-type.bundle.unit-test";
		};
		AC2151292ED5E25100A83092 /* ZenTVUITests */ = {
			isa = PBXNativeTarget;
			buildConfigurationList = AC21513A2ED5E25100A83092 /* Build configuration list for PBXNativeTarget "ZenTVUITests" */;
			buildPhases = (
				AC2151262ED5E25100A83092 /* Sources */,
				AC2151272ED5E25100A83092 /* Frameworks */,
				AC2151282ED5E25100A83092 /* Resources */,
			);
			buildRules = (
			);
			dependencies = (
				AC21512C2ED5E25100A83092 /* PBXTargetDependency */,
			);
			name = ZenTVUITests;
			packageProductDependencies = (
			);
			productName = ZenTVUITests;
			productReference = AC21512A2ED5E25100A83092 /* ZenTVUITests.xctest */;
			productType = "com.apple.product-type.bundle.ui-testing";
		};
/* End PBXNativeTarget section */

/* Begin PBXProject section */
		AC21510B2ED5E24F00A83092 /* Project object */ = {
			isa = PBXProject;
			attributes = {
				BuildIndependentTargetsInParallel = 1;
				LastSwiftUpdateCheck = 2600;
				LastUpgradeCheck = 2600;
				TargetAttributes = {
					AC2151122ED5E24F00A83092 = {
						CreatedOnToolsVersion = 26.0.1;
					};
					AC21511F2ED5E25100A83092 = {
						CreatedOnToolsVersion = 26.0.1;
						TestTargetID = AC2151122ED5E24F00A83092;
					};
					AC2151292ED5E25100A83092 = {
						CreatedOnToolsVersion = 26.0.1;
						TestTargetID = AC2151122ED5E24F00A83092;
					};
				};
			};
			buildConfigurationList = AC21510E2ED5E24F00A83092 /* Build configuration list for PBXProject "ZenTV" */;
			developmentRegion = en;
			hasScannedForEncodings = 0;
			knownRegions = (
				en,
				Base,
			);
			mainGroup = AC21510A2ED5E24F00A83092;
			minimizedProjectReferenceProxies = 1;
			preferredProjectObjectVersion = 77;
			productRefGroup = AC2151142ED5E24F00A83092 /* Products */;
			projectDirPath = "";
			projectRoot = "";
			targets = (
				AC2151122ED5E24F00A83092 /* ZenTV */,
				AC21511F2ED5E25100A83092 /* ZenTVTests */,
				AC2151292ED5E25100A83092 /* ZenTVUITests */,
			);
		};
/* End PBXProject section */

/* Begin PBXResourcesBuildPhase section */
		AC2151112ED5E24F00A83092 /* Resources */ = {
			isa = PBXResourcesBuildPhase;
			buildActionMask = 2147483647;
			files = (
			);
			runOnlyForDeploymentPostprocessing = 0;
		};
		AC21511E2ED5E25100A83092 /* Resources */ = {
			isa = PBXResourcesBuildPhase;
			buildActionMask = 2147483647;
			files = (
			);
			runOnlyForDeploymentPostprocessing = 0;
		};
		AC2151282ED5E25100A83092 /* Resources */ = {
			isa = PBXResourcesBuildPhase;
			buildActionMask = 2147483647;
			files = (
			);
			runOnlyForDeploymentPostprocessing = 0;
		};
/* End PBXResourcesBuildPhase section */

/* Begin PBXSourcesBuildPhase section */
		AC21510F2ED5E24F00A83092 /* Sources */ = {
			isa = PBXSourcesBuildPhase;
			buildActionMask = 2147483647;
			files = (
			);
			runOnlyForDeploymentPostprocessing = 0;
		};
		AC21511C2ED5E25100A83092 /* Sources */ = {
			isa = PBXSourcesBuildPhase;
			buildActionMask = 2147483647;
			files = (
			);
			runOnlyForDeploymentPostprocessing = 0;
		};
		AC2151262ED5E25100A83092 /* Sources */ = {
			isa = PBXSourcesBuildPhase;
			buildActionMask = 2147483647;
			files = (
			);
			runOnlyForDeploymentPostprocessing = 0;
		};
/* End PBXSourcesBuildPhase section */

/* Begin PBXTargetDependency section */
		AC2151222ED5E25100A83092 /* PBXTargetDependency */ = {
			isa = PBXTargetDependency;
			target = AC2151122ED5E24F00A83092 /* ZenTV */;
			targetProxy = AC2151212ED5E25100A83092 /* PBXContainerItemProxy */;
		};
		AC21512C2ED5E25100A83092 /* PBXTargetDependency */ = {
			isa = PBXTargetDependency;
			target = AC2151122ED5E24F00A83092 /* ZenTV */;
			targetProxy = AC21512B2ED5E25100A83092 /* PBXContainerItemProxy */;
		};
/* End PBXTargetDependency section */

/* Begin XCBuildConfiguration section */
		AC2151322ED5E25100A83092 /* Debug */ = {
			isa = XCBuildConfiguration;
			buildSettings = {
				ALWAYS_SEARCH_USER_PATHS = NO;
				ASSETCATALOG_COMPILER_GENERATE_SWIFT_ASSET_SYMBOL_EXTENSIONS = YES;
				CLANG_ANALYZER_NONNULL = YES;
				CLANG_ANALYZER_NUMBER_OBJECT_CONVERSION = YES_AGGRESSIVE;
				CLANG_CXX_LANGUAGE_STANDARD = "gnu++20";
				CLANG_ENABLE_MODULES = YES;
				CLANG_ENABLE_OBJC_ARC = YES;
				CLANG_ENABLE_OBJC_WEAK = YES;
				CLANG_WARN_BLOCK_CAPTURE_AUTORELEASING = YES;
				CLANG_WARN_BOOL_CONVERSION = YES;
				CLANG_WARN_COMMA = YES;
				CLANG_WARN_CONSTANT_CONVERSION = YES;
				CLANG_WARN_DEPRECATED_OBJC_IMPLEMENTATIONS = YES;
				CLANG_WARN_DIRECT_OBJC_ISA_USAGE = YES_ERROR;
				CLANG_WARN_DOCUMENTATION_COMMENTS = YES;
				CLANG_WARN_EMPTY_BODY = YES;
				CLANG_WARN_ENUM_CONVERSION = YES;
				CLANG_WARN_INFINITE_RECURSION = YES;
				CLANG_WARN_INT_CONVERSION = YES;
				CLANG_WARN_NON_LITERAL_NULL_CONVERSION = YES;
				CLANG_WARN_OBJC_IMPLICIT_RETAIN_SELF = YES;
				CLANG_WARN_OBJC_LITERAL_CONVERSION = YES;
				CLANG_WARN_OBJC_ROOT_CLASS = YES_ERROR;
				CLANG_WARN_QUOTED_INCLUDE_IN_FRAMEWORK_HEADER = YES;
				CLANG_WARN_RANGE_LOOP_ANALYSIS = YES;
				CLANG_WARN_STRICT_PROTOTYPES = YES;
				CLANG_WARN_SUSPICIOUS_MOVE = YES;
				CLANG_WARN_UNGUARDED_AVAILABILITY = YES_AGGRESSIVE;
				CLANG_WARN_UNREACHABLE_CODE = YES;
				CLANG_WARN__DUPLICATE_METHOD_MATCH = YES;
				COPY_PHASE_STRIP = NO;
				DEBUG_INFORMATION_FORMAT = dwarf;
				ENABLE_STRICT_OBJC_MSGSEND = YES;
				ENABLE_TESTABILITY = YES;
				ENABLE_USER_SCRIPT_SANDBOXING = YES;
				GCC_C_LANGUAGE_STANDARD = gnu17;
				GCC_DYNAMIC_NO_PIC = NO;
				GCC_NO_COMMON_BLOCKS = YES;
				GCC_OPTIMIZATION_LEVEL = 0;
				GCC_PREPROCESSOR_DEFINITIONS = (
					"DEBUG=1",
					"$(inherited)",
				);
				GCC_WARN_64_TO_32_BIT_CONVERSION = YES;
				GCC_WARN_ABOUT_RETURN_TYPE = YES_ERROR;
				GCC_WARN_UNDECLARED_SELECTOR = YES;
				GCC_WARN_UNINITIALIZED_AUTOS = YES_AGGRESSIVE;
				GCC_WARN_UNUSED_FUNCTION = YES;
				GCC_WARN_UNUSED_VARIABLE = YES;
				LOCALIZATION_PREFERS_STRING_CATALOGS = YES;
				MTL_ENABLE_DEBUG_INFO = INCLUDE_SOURCE;
				MTL_FAST_MATH = YES;
				ONLY_ACTIVE_ARCH = YES;
				SDKROOT = appletvos;
				SWIFT_ACTIVE_COMPILATION_CONDITIONS = "DEBUG $(inherited)";
				SWIFT_OPTIMIZATION_LEVEL = "-Onone";
				TVOS_DEPLOYMENT_TARGET = 26.0;
			};
			name = Debug;
		};
		AC2151332ED5E25100A83092 /* Release */ = {
			isa = XCBuildConfiguration;
			buildSettings = {
				ALWAYS_SEARCH_USER_PATHS = NO;
				ASSETCATALOG_COMPILER_GENERATE_SWIFT_ASSET_SYMBOL_EXTENSIONS = YES;
				CLANG_ANALYZER_NONNULL = YES;
				CLANG_ANALYZER_NUMBER_OBJECT_CONVERSION = YES_AGGRESSIVE;
				CLANG_CXX_LANGUAGE_STANDARD = "gnu++20";
				CLANG_ENABLE_MODULES = YES;
				CLANG_ENABLE_OBJC_ARC = YES;
				CLANG_ENABLE_OBJC_WEAK = YES;
				CLANG_WARN_BLOCK_CAPTURE_AUTORELEASING = YES;
				CLANG_WARN_BOOL_CONVERSION = YES;
				CLANG_WARN_COMMA = YES;
				CLANG_WARN_CONSTANT_CONVERSION = YES;
				CLANG_WARN_DEPRECATED_OBJC_IMPLEMENTATIONS = YES;
				CLANG_WARN_DIRECT_OBJC_ISA_USAGE = YES_ERROR;
				CLANG_WARN_DOCUMENTATION_COMMENTS = YES;
				CLANG_WARN_EMPTY_BODY = YES;
				CLANG_WARN_ENUM_CONVERSION = YES;
				CLANG_WARN_INFINITE_RECURSION = YES;
				CLANG_WARN_INT_CONVERSION = YES;
				CLANG_WARN_NON_LITERAL_NULL_CONVERSION = YES;
				CLANG_WARN_OBJC_IMPLICIT_RETAIN_SELF = YES;
				CLANG_WARN_OBJC_LITERAL_CONVERSION = YES;
				CLANG_WARN_OBJC_ROOT_CLASS = YES_ERROR;
				CLANG_WARN_QUOTED_INCLUDE_IN_FRAMEWORK_HEADER = YES;
				CLANG_WARN_RANGE_LOOP_ANALYSIS = YES;
				CLANG_WARN_STRICT_PROTOTYPES = YES;
				CLANG_WARN_SUSPICIOUS_MOVE = YES;
				CLANG_WARN_UNGUARDED_AVAILABILITY = YES_AGGRESSIVE;
				CLANG_WARN_UNREACHABLE_CODE = YES;
				CLANG_WARN__DUPLICATE_METHOD_MATCH = YES;
				COPY_PHASE_STRIP = NO;
				DEBUG_INFORMATION_FORMAT = "dwarf-with-dsym";
				ENABLE_NS_ASSERTIONS = NO;
				ENABLE_STRICT_OBJC_MSGSEND = YES;
				ENABLE_USER_SCRIPT_SANDBOXING = YES;
				GCC_C_LANGUAGE_STANDARD = gnu17;
				GCC_NO_COMMON_BLOCKS = YES;
				GCC_WARN_64_TO_32_BIT_CONVERSION = YES;
				GCC_WARN_ABOUT_RETURN_TYPE = YES_ERROR;
				GCC_WARN_UNDECLARED_SELECTOR = YES;
				GCC_WARN_UNINITIALIZED_AUTOS = YES_AGGRESSIVE;
				GCC_WARN_UNUSED_FUNCTION = YES;
				GCC_WARN_UNUSED_VARIABLE = YES;
				LOCALIZATION_PREFERS_STRING_CATALOGS = YES;
				MTL_ENABLE_DEBUG_INFO = NO;
				MTL_FAST_MATH = YES;
				SDKROOT = appletvos;
				SWIFT_COMPILATION_MODE = wholemodule;
				TVOS_DEPLOYMENT_TARGET = 26.0;
				VALIDATE_PRODUCT = YES;
			};
			name = Release;
		};
		AC2151352ED5E25100A83092 /* Debug */ = {
			isa = XCBuildConfiguration;
			buildSettings = {
				ASSETCATALOG_COMPILER_APPICON_NAME = "App Icon & Top Shelf Image";
				ASSETCATALOG_COMPILER_GLOBAL_ACCENT_COLOR_NAME = AccentColor;
				CODE_SIGN_STYLE = Automatic;
				CURRENT_PROJECT_VERSION = 1;
				ENABLE_PREVIEWS = YES;
				GENERATE_INFOPLIST_FILE = YES;
				INFOPLIST_KEY_UILaunchScreen_Generation = YES;
				INFOPLIST_KEY_UIUserInterfaceStyle = Automatic;
				LD_RUNPATH_SEARCH_PATHS = (
					"$(inherited)",
					"@executable_path/Frameworks",
				);
				MARKETING_VERSION = 1.0;
				PRODUCT_BUNDLE_IDENTIFIER = com.dulmini.ZenTV;
				PRODUCT_NAME = "$(TARGET_NAME)";
				STRING_CATALOG_GENERATE_SYMBOLS = YES;
				SWIFT_APPROACHABLE_CONCURRENCY = YES;
				SWIFT_DEFAULT_ACTOR_ISOLATION = MainActor;
				SWIFT_EMIT_LOC_STRINGS = YES;
				SWIFT_UPCOMING_FEATURE_MEMBER_IMPORT_VISIBILITY = YES;
				SWIFT_VERSION = 5.0;
				TARGETED_DEVICE_FAMILY = 3;
			};
			name = Debug;
		};
		AC2151362ED5E25100A83092 /* Release */ = {
			isa = XCBuildConfiguration;
			buildSettings = {
				ASSETCATALOG_COMPILER_APPICON_NAME = "App Icon & Top Shelf Image";
				ASSETCATALOG_COMPILER_GLOBAL_ACCENT_COLOR_NAME = AccentColor;
				CODE_SIGN_STYLE = Automatic;
				CURRENT_PROJECT_VERSION = 1;
				ENABLE_PREVIEWS = YES;
				GENERATE_INFOPLIST_FILE = YES;
				INFOPLIST_KEY_UILaunchScreen_Generation = YES;
				INFOPLIST_KEY_UIUserInterfaceStyle = Automatic;
				LD_RUNPATH_SEARCH_PATHS = (
					"$(inherited)",
					"@executable_path/Frameworks",
				);
				MARKETING_VERSION = 1.0;
				PRODUCT_BUNDLE_IDENTIFIER = com.dulmini.ZenTV;
				PRODUCT_NAME = "$(TARGET_NAME)";
				STRING_CATALOG_GENERATE_SYMBOLS = YES;
				SWIFT_APPROACHABLE_CONCURRENCY = YES;
				SWIFT_DEFAULT_ACTOR_ISOLATION = MainActor;
				SWIFT_EMIT_LOC_STRINGS = YES;
				SWIFT_UPCOMING_FEATURE_MEMBER_IMPORT_VISIBILITY = YES;
				SWIFT_VERSION = 5.0;
				TARGETED_DEVICE_FAMILY = 3;
			};
			name = Release;
		};
		AC2151382ED5E25100A83092 /* Debug */ = {
			isa = XCBuildConfiguration;
			buildSettings = {
				BUNDLE_LOADER = "$(TEST_HOST)";
				CODE_SIGN_STYLE = Automatic;
				CURRENT_PROJECT_VERSION = 1;
				GENERATE_INFOPLIST_FILE = YES;
				MARKETING_VERSION = 1.0;
				PRODUCT_BUNDLE_IDENTIFIER = com.dulmini.ZenTVTests;
				PRODUCT_NAME = "$(TARGET_NAME)";
				STRING_CATALOG_GENERATE_SYMBOLS = NO;
				SWIFT_APPROACHABLE_CONCURRENCY = YES;
				SWIFT_EMIT_LOC_STRINGS = NO;
				SWIFT_UPCOMING_FEATURE_MEMBER_IMPORT_VISIBILITY = YES;
				SWIFT_VERSION = 5.0;
				TARGETED_DEVICE_FAMILY = 3;
				TEST_HOST = "$(BUILT_PRODUCTS_DIR)/ZenTV.app/$(BUNDLE_EXECUTABLE_FOLDER_PATH)/ZenTV";
				TVOS_DEPLOYMENT_TARGET = 26.0;
			};
			name = Debug;
		};
		AC2151392ED5E25100A83092 /* Release */ = {
			isa = XCBuildConfiguration;
			buildSettings = {
				BUNDLE_LOADER = "$(TEST_HOST)";
				CODE_SIGN_STYLE = Automatic;
				CURRENT_PROJECT_VERSION = 1;
				GENERATE_INFOPLIST_FILE = YES;
				MARKETING_VERSION = 1.0;
				PRODUCT_BUNDLE_IDENTIFIER = com.dulmini.ZenTVTests;
				PRODUCT_NAME = "$(TARGET_NAME)";
				STRING_CATALOG_GENERATE_SYMBOLS = NO;
				SWIFT_APPROACHABLE_CONCURRENCY = YES;
				SWIFT_EMIT_LOC_STRINGS = NO;
				SWIFT_UPCOMING_FEATURE_MEMBER_IMPORT_VISIBILITY = YES;
				SWIFT_VERSION = 5.0;
				TARGETED_DEVICE_FAMILY = 3;
				TEST_HOST = "$(BUILT_PRODUCTS_DIR)/ZenTV.app/$(BUNDLE_EXECUTABLE_FOLDER_PATH)/ZenTV";
				TVOS_DEPLOYMENT_TARGET = 26.0;
			};
			name = Release;
		};
		AC21513B2ED5E25100A83092 /* Debug */ = {
			isa = XCBuildConfiguration;
			buildSettings = {
				CODE_SIGN_STYLE = Automatic;
				CURRENT_PROJECT_VERSION = 1;
				GENERATE_INFOPLIST_FILE = YES;
				MARKETING_VERSION = 1.0;
				PRODUCT_BUNDLE_IDENTIFIER = com.dulmini.ZenTVUITests;
				PRODUCT_NAME = "$(TARGET_NAME)";
				STRING_CATALOG_GENERATE_SYMBOLS = NO;
				SWIFT_APPROACHABLE_CONCURRENCY = YES;
				SWIFT_EMIT_LOC_STRINGS = NO;
				SWIFT_UPCOMING_FEATURE_MEMBER_IMPORT_VISIBILITY = YES;
				SWIFT_VERSION = 5.0;
				TARGETED_DEVICE_FAMILY = 3;
				TEST_TARGET_NAME = ZenTV;
			};
			name = Debug;
		};
		AC21513C2ED5E25100A83092 /* Release */ = {
			isa = XCBuildConfiguration;
			buildSettings = {
				CODE_SIGN_STYLE = Automatic;
				CURRENT_PROJECT_VERSION = 1;
				GENERATE_INFOPLIST_FILE = YES;
				MARKETING_VERSION = 1.0;
				PRODUCT_BUNDLE_IDENTIFIER = com.dulmini.ZenTVUITests;
				PRODUCT_NAME = "$(TARGET_NAME)";
				STRING_CATALOG_GENERATE_SYMBOLS = NO;
				SWIFT_APPROACHABLE_CONCURRENCY = YES;
				SWIFT_EMIT_LOC_STRINGS = NO;
				SWIFT_UPCOMING_FEATURE_MEMBER_IMPORT_VISIBILITY = YES;
				SWIFT_VERSION = 5.0;
				TARGETED_DEVICE_FAMILY = 3;
				TEST_TARGET_NAME = ZenTV;
			};
			name = Release;
		};
/* End XCBuildConfiguration section */

/* Begin XCConfigurationList section */
		AC21510E2ED5E24F00A83092 /* Build configuration list for PBXProject "ZenTV" */ = {
			isa = XCConfigurationList;
			buildConfigurations = (
				AC2151322ED5E25100A83092 /* Debug */,
				AC2151332ED5E25100A83092 /* Release */,
			);
			defaultConfigurationIsVisible = 0;
			defaultConfigurationName = Release;
		};
		AC2151342ED5E25100A83092 /* Build configuration list for PBXNativeTarget "ZenTV" */ = {
			isa = XCConfigurationList;
			buildConfigurations = (
				AC2151352ED5E25100A83092 /* Debug */,
				AC2151362ED5E25100A83092 /* Release */,
			);
			defaultConfigurationIsVisible = 0;
			defaultConfigurationName = Release;
		};
		AC2151372ED5E25100A83092 /* Build configuration list for PBXNativeTarget "ZenTVTests" */ = {
			isa = XCConfigurationList;
			buildConfigurations = (
				AC2151382ED5E25100A83092 /* Debug */,
				AC2151392ED5E25100A83092 /* Release */,
			);
			defaultConfigurationIsVisible = 0;
			defaultConfigurationName = Release;
		};
		AC21513A2ED5E25100A83092 /* Build configuration list for PBXNativeTarget "ZenTVUITests" */ = {
			isa = XCConfigurationList;
			buildConfigurations = (
				AC21513B2ED5E25100A83092 /* Debug */,
				AC21513C2ED5E25100A83092 /* Release */,
			);
			defaultConfigurationIsVisible = 0;
			defaultConfigurationName = Release;
		};
/* End XCConfigurationList section */
	};
	rootObject = AC21510B2ED5E24F00A83092 /* Project object */;
}
